
Microsoft Visual Studio Solution File, Format Version 12.00
# Visual Studio Version 16
VisualStudioVersion = 16.0.31112.23
MinimumVisualStudioVersion = 10.0.40219.1
Project("{FAE04EC0-301F-11D3-BF4B-00C04F79EFBC}") = "InfocusCase.Entity", "InfocusCase.Entity\InfocusCase.Entity.csproj", "{56948B6F-EF5B-4BAE-B6B8-3749E7F5FBF0}"
EndProject
Project("{FAE04EC0-301F-11D3-BF4B-00C04F79EFBC}") = "InfocusCase.DataAccess", "InfocusCase.DataAccess\InfocusCase.DataAccess.csproj", "{3A910ED1-F11A-4D34-8272-190110996E37}"
EndProject
Project("{FAE04EC0-301F-11D3-BF4B-00C04F79EFBC}") = "InfocusCase.Business", "InfocusCase.Business\InfocusCase.Business.csproj", "{3BC3EDE4-6F0F-44B9-9433-97EE3517C549}"
EndProject
Project("{FAE04EC0-301F-11D3-BF4B-00C04F79EFBC}") = "InfocusCase.UI", "InfocusCase.UI\InfocusCase.UI.csproj", "{3955FA00-EA06-4D09-AFBD-C085BCD5F1FA}"
EndProject
Global
	GlobalSection(SolutionConfigurationPlatforms) = preSolution
		Debug|Any CPU = Debug|Any CPU
		Release|Any CPU = Release|Any CPU
	EndGlobalSection
	GlobalSection(ProjectConfigurationPlatforms) = postSolution
		{56948B6F-EF5B-4BAE-B6B8-3749E7F5FBF0}.Debug|Any CPU.ActiveCfg = Debug|Any CPU
		{56948B6F-EF5B-4BAE-B6B8-3749E7F5FBF0}.Debug|Any CPU.Build.0 = Debug|Any CPU
		{56948B6F-EF5B-4BAE-B6B8-3749E7F5FBF0}.Release|Any CPU.ActiveCfg = Release|Any CPU
		{56948B6F-EF5B-4BAE-B6B8-3749E7F5FBF0}.Release|Any CPU.Build.0 = Release|Any CPU
		{3A910ED1-F11A-4D34-8272-190110996E37}.Debug|Any CPU.ActiveCfg = Debug|Any CPU
		{3A910ED1-F11A-4D34-8272-190110996E37}.Debug|Any CPU.Build.0 = Debug|Any CPU
		{3A910ED1-F11A-4D34-8272-190110996E37}.Release|Any CPU.ActiveCfg = Release|Any CPU
		{3A910ED1-F11A-4D34-8272-190110996E37}.Release|Any CPU.Build.0 = Release|Any CPU
		{3BC3EDE4-6F0F-44B9-9433-97EE3517C549}.Debug|Any CPU.ActiveCfg = Debug|Any CPU
		{3BC3EDE4-6F0F-44B9-9433-97EE3517C549}.Debug|Any CPU.Build.0 = Debug|Any CPU
		{3BC3EDE4-6F0F-44B9-9433-97EE3517C549}.Release|Any CPU.ActiveCfg = Release|Any CPU
		{3BC3EDE4-6F0F-44B9-9433-97EE3517C549}.Release|Any CPU.Build.0 = Release|Any CPU
		{3955FA00-EA06-4D09-AFBD-C085BCD5F1FA}.Debug|Any CPU.ActiveCfg = Debug|Any CPU
		{3955FA00-EA06-4D09-AFBD-C085BCD5F1FA}.Debug|Any CPU.Build.0 = Debug|Any CPU
		{3955FA00-EA06-4D09-AFBD-C085BCD5F1FA}.Release|Any CPU.ActiveCfg = Release|Any CPU
		{3955FA00-EA06-4D09-AFBD-C085BCD5F1FA}.Release|Any CPU.Build.0 = Release|Any CPU
	EndGlobalSection
	GlobalSection(SolutionProperties) = preSolution
		HideSolutionNode = FALSE
	EndGlobalSection
	GlobalSection(ExtensibilityGlobals) = postSolution
		SolutionGuid = {92348B09-DB12-412A-81BF-6FDD3C3A3B4C}
	EndGlobalSection
EndGlobal
